
Microsoft Visual Studio Solution File, Format Version 12.00
# Visual Studio 15
VisualStudioVersion = 15.0.28307.136
MinimumVisualStudioVersion = 10.0.40219.1
Project("{F2A71F9B-5D33-465A-A702-920D77279786}") = "ThinkingFunctionalInFSharp", "ThinkingFunctionalInFSharp\ThinkingFunctionalInFSharp.fsproj", "{2D1F356D-C046-4FEC-910A-BB883D3DBF52}"
EndProject
Global
	GlobalSection(SolutionConfigurationPlatforms) = preSolution
		Debug|Any CPU = Debug|Any CPU
		Release|Any CPU = Release|Any CPU
	EndGlobalSection
	GlobalSection(ProjectConfigurationPlatforms) = postSolution
		{2D1F356D-C046-4FEC-910A-BB883D3DBF52}.Debug|Any CPU.ActiveCfg = Debug|Any CPU
		{2D1F356D-C046-4FEC-910A-BB883D3DBF52}.Debug|Any CPU.Build.0 = Debug|Any CPU
		{2D1F356D-C046-4FEC-910A-BB883D3DBF52}.Release|Any CPU.ActiveCfg = Release|Any CPU
		{2D1F356D-C046-4FEC-910A-BB883D3DBF52}.Release|Any CPU.Build.0 = Release|Any CPU
	EndGlobalSection
	GlobalSection(SolutionProperties) = preSolution
		HideSolutionNode = FALSE
	EndGlobalSection
	GlobalSection(ExtensibilityGlobals) = postSolution
		SolutionGuid = {083D449B-C626-4A52-AFDD-7FB43186EC48}
	EndGlobalSection
EndGlobal
